PODS:
  - Alamofire (4.5.1)
  - AlamofireImage (3.2.0):
    - Alamofire (~> 4.1)
  - Firebase/AppIndexing (3.17.0):
    - Firebase/Core
    - FirebaseAppIndexing (= 1.2.0)
  - Firebase/Core (3.17.0):
    - FirebaseAnalytics (= 3.9.0)
    - FirebaseCore (= 3.6.0)
  - FirebaseAnalytics (3.9.0):
    - FirebaseCore (~> 3.6)
    - FirebaseInstanceID (~> 1.0)
    - GoogleToolboxForMac/NSData+zlib (~> 2.1)
  - FirebaseAppIndexing (1.2.0)
  - FirebaseCore (3.6.0):
    - GoogleToolboxForMac/NSData+zlib (~> 2.1)
  - FirebaseInstanceID (1.0.10):
    - FirebaseCore (~> 3.6)
  - GoogleToolboxForMac/Defines (2.1.1)
  - GoogleToolboxForMac/NSData+zlib (2.1.1):
    - GoogleToolboxForMac/Defines (= 2.1.1)
  - NibDesignable (3.0.0)
  - ObjcExceptionBridging (1.0.1):
    - ObjcExceptionBridging/ObjcExceptionBridging (= 1.0.1)
  - ObjcExceptionBridging/ObjcExceptionBridging (1.0.1)
  - ObjectMapper (2.2.9)
  - Realm (2.10.1):
    - Realm/Headers (= 2.10.1)
  - Realm/Headers (2.10.1)
  - RealmSwift (2.10.1):
    - Realm (= 2.10.1)
  - SnapKit (3.2.0)
  - SwiftKeychainWrapper (3.0.1)
  - XCGLogger (5.0.1):
    - XCGLogger/Core (= 5.0.1)
  - XCGLogger/Core (5.0.1):
    - ObjcExceptionBridging

DEPENDENCIES:
  - Alamofire
  - AlamofireImage (~> 3.2.0)
  - Firebase/AppIndexing
  - NibDesignable
  - ObjectMapper (~> 2.2)
  - RealmSwift
  - SnapKit (~> 3.2.0)
  - SwiftKeychainWrapper
  - XCGLogger

SPEC CHECKSUMS:
  Alamofire: 2d95912bf4c34f164fdfc335872e8c312acaea4a
  AlamofireImage: 157ed682cc81d3b9db4fb90c1f12180ac552d93b
  Firebase: 4b66b5b59c43edac745b87f0c87e42cdd0279c13
  FirebaseAnalytics: e5fe8486efc01bec33f6bf82e2fa9fce4b124052
  FirebaseAppIndexing: adf2f3b14b6828f1d4c539fc72434962cf29ea2c
  FirebaseCore: 9691ee2ade70c098d7cf92440f4303f16d83ca75
  FirebaseInstanceID: b9eedd6846fb5e1f0f7279e1deaa7a7e4cf8392e
  GoogleToolboxForMac: 8e329f1b599f2512c6b10676d45736bcc2cbbeb0
  NibDesignable: 6ccf1e54135cb05be0a78f803b9a8d78125a7d6d
  ObjcExceptionBridging: c30e00eb3700467e695faeea30e26e18bd445001
  ObjectMapper: 63cfe41bc6f8e7c8f44344c49901b8ae7de14c52
  Realm: fc7a317a5c2c9ba91f5f235ede4e2ea76e9eba0c
  RealmSwift: 505ed6c15942a2e76f5cfa78a8667cfa997ee75b
  SnapKit: 1ca44df72cfa543218d177cb8aab029d10d86ea7
  SwiftKeychainWrapper: 38952a3636320ae61bad3513cadd870929de7a4a
  XCGLogger: 0b43697155d41e4a1b15fc776f319c2141646b09

PODFILE CHECKSUM: 79902509dfa9e0d36d78a58d387cd2c8892357de

COCOAPODS: 1.2.1.beta.1
